github.com/davecgh/go-spew v1.1.0 h1:ZDRjVQ15GmhC3fiQ8ni8+OwkZQO4DARzQgrnXU1Liz8=
github.com/davecgh/go-spew v1.1.0/go.mod h1:J7Y8YcW2NihsgmVo/mv3lAwl/skON4iLHjSsI+c5H38=
github.com/ericlagergren/aegis v0.0.0-20250325060835-cd0defd64358 h1:kXYqH/sL8dS/FdoFjr12ePjnLPorPo2FsnrHNuXSDyo=
github.com/ericlagergren/aegis v0.0.0-20250325060835-cd0defd64358/go.mod h1:hkIFzoiIPZYxdFOOLyDho59b7SrDfo+w3h+yWdlg45I=
github.com/ericlagergren/saferand v0.0.0-20211228043234-529f04ad6e1a h1:3UO1DBvRL8/6uPtg75UP4XwAV+eFOQxvBxk0aOQue6Y=
github.com/ericlagergren/saferand v0.0.0-20211228043234-529f04ad6e1a/go.mod h1:ETASDWf/FmEb6Ysrtd1QhjNedUU/ZQxBCRLh60bQ/UI=
github.com/ericlagergren/subtle v0.0.0-20220507045147-890d697da010 h1:fuGucgPk5dN6wzfnxl3D0D3rVLw4v2SbBT9jb4VnxzA=
github.com/ericlagergren/subtle v0.0.0-20220507045147-890d697da010/go.mod h1:JtBcj7sBuTTRupn7c2bFspMDIObMJsVK8TeUvpShPok=
github.com/pmezard/go-difflib v1.0.0 h1:4DBwDE0NGyQoBHbLQYPwSUPoCMWR5BEzIk/f1lZbAQM=
github.com/pmezard/go-difflib v1.0.0/go.mod h1:iKH77koFhYxTK1pcRnkKkqfTogsbg7gZNVY4sRDYZ/4=
github.com/stretchr/testify v1.6.1 h1:hDPOHmpOpP40lSULcqw7IrRb/u7w6RpDC9399XyoNd0=
github.com/stretchr/testify v1.6.1/go.mod h1:6Fq8oRcR53rry900zMqJjRRixrwX3KX962/h/Wwjteg=
github.com/vmihailenco/msgpack/v5 v5.4.1 h1:cQriyiUvjTwOHg8QZaPihLWeRAAVoCpE00IUPn0Bjt8=
github.com/vmihailenco/msgpack/v5 v5.4.1/go.mod h1:GaZTsDaehaPpQVyxrf5mtQlH+pc21PIudVV/E3rRQok=
github.com/vmihailenco/tagparser/v2 v2.0.0 h1:y09buUbR+b5aycVFQs/g70pqKVZNBmxwAhO7/IwNM9g=
github.com/vmihailenco/tagparser/v2 v2.0.0/go.mod h1:Wri+At7QHww0WTrCBeu4J6bNtoV6mEfg5OIWRZA9qds=
golang.org/x/crypto v0.48.0 h1:/VRzVqiRSggnhY7gNRxPauEQ5Drw9haKdM0jqfcCFts=
golang.org/x/crypto v0.48.0/go.mod h1:r0kV5h3qnFPlQnBSrULhlsRfryS2pmewsg+XfMgkVos=
golang.org/x/exp v0.0.0-20220428152302-39d4317da171 h1:TfdoLivD44QwvssI9Sv1xwa5DcL5XQr4au4sZ2F2NV4=
golang.org/x/exp v0.0.0-20220428152302-39d4317da171/go.mod h1:lgLbSvA5ygNOMpwM/9anMpWVlVJ7Z+cHWq/eFuinpGE=
golang.org/x/sys v0.41.0 h1:Ivj+2Cp/ylzLiEU89QhWblYnOE9zerudt9Ftecq2C6k=
golang.org/x/sys v0.41.0/go.mod h1:OgkHotnGiDImocRcuBABYBEXf8A9a87e/uXjp9XT3ks=
gopkg.in/yaml.v3 v3.0.0-20200313102051-9f266ea9e77c h1:dUUwHk2QECo/6vqA44rthZ8ie2QXMNeKRTHCNY2nXvo=
gopkg.in/yaml.v3 v3.0.0-20200313102051-9f266ea9e77c/go.mod h1:K4uyk7z7BCEPqu6E+C64Yfv1cQ7kz7rIZviUmN+EgEM=
